
Microsoft Visual Studio Solution File, Format Version 12.00
# Visual Studio Version 17
VisualStudioVersion = 17.14.36429.23 d17.14
MinimumVisualStudioVersion = 10.0.40219.1
Project("{FAE04EC0-301F-11D3-BF4B-00C04F79EFBC}") = "19.2", "19.2\19.2.csproj", "{EE1EFED7-C8E7-4C3D-B42D-A183BC8215D5}"
EndProject
Global
	GlobalSection(SolutionConfigurationPlatforms) = preSolution
		Debug|Any CPU = Debug|Any CPU
		Release|Any CPU = Release|Any CPU
	EndGlobalSection
	GlobalSection(ProjectConfigurationPlatforms) = postSolution
		{EE1EFED7-C8E7-4C3D-B42D-A183BC8215D5}.Debug|Any CPU.ActiveCfg = Debug|Any CPU
		{EE1EFED7-C8E7-4C3D-B42D-A183BC8215D5}.Debug|Any CPU.Build.0 = Debug|Any CPU
		{EE1EFED7-C8E7-4C3D-B42D-A183BC8215D5}.Release|Any CPU.ActiveCfg = Release|Any CPU
		{EE1EFED7-C8E7-4C3D-B42D-A183BC8215D5}.Release|Any CPU.Build.0 = Release|Any CPU
	EndGlobalSection
	GlobalSection(SolutionProperties) = preSolution
		HideSolutionNode = FALSE
	EndGlobalSection
	GlobalSection(ExtensibilityGlobals) = postSolution
		SolutionGuid = {74B50858-349B-4837-B48E-61E59044B8A8}
	EndGlobalSection
EndGlobal
